// !$*UTF8*$!
{
	archiveVersion = 1;
	classes = {
	};
	objectVersion = 51;
	objects = {

/* Begin PBXBuildFile section */
		6626C46F24E3E41900E7425F /* RoomShowViewController.swift in Sources */ = {isa = PBXBuildFile; fileRef = 6626C46E24E3E41900E7425F /* RoomShowViewController.swift */; };
		6626C47124E3E42B00E7425F /* RoomNormalViewController.swift in Sources */ = {isa = PBXBuildFile; fileRef = 6626C47024E3E42B00E7425F /* RoomNormalViewController.swift */; };
		6626C47324E3E8B400E7425F /* RecommendViewModel.swift in Sources */ = {isa = PBXBuildFile; fileRef = 6626C47224E3E8B400E7425F /* RecommendViewModel.swift */; };
		6626C47524E3E97A00E7425F /* CycleModel.swift in Sources */ = {isa = PBXBuildFile; fileRef = 6626C47424E3E97A00E7425F /* CycleModel.swift */; };
		6626C47724E3F14500E7425F /* Date+Extension.swift in Sources */ = {isa = PBXBuildFile; fileRef = 6626C47624E3F14500E7425F /* Date+Extension.swift */; };
		66282DA424E4DCBC00C8232C /* CollectionHeaderView.swift in Sources */ = {isa = PBXBuildFile; fileRef = 66282DA324E4DCBC00C8232C /* CollectionHeaderView.swift */; };
		66282DA624E5020300C8232C /* UILabel+Extension.swift in Sources */ = {isa = PBXBuildFile; fileRef = 66282DA524E5020300C8232C /* UILabel+Extension.swift */; };
		66282DA824E5067D00C8232C /* UIButton+Extension.swift in Sources */ = {isa = PBXBuildFile; fileRef = 66282DA724E5067D00C8232C /* UIButton+Extension.swift */; };
		6672841124E37D4F0057FFA7 /* BaseViewController.swift in Sources */ = {isa = PBXBuildFile; fileRef = 6672841024E37D4F0057FFA7 /* BaseViewController.swift */; };
		6672841324E382250057FFA7 /* BaseAnchorViewController.swift in Sources */ = {isa = PBXBuildFile; fileRef = 6672841224E382250057FFA7 /* BaseAnchorViewController.swift */; };
		6672841524E3850B0057FFA7 /* BaseViewModel.swift in Sources */ = {isa = PBXBuildFile; fileRef = 6672841424E3850B0057FFA7 /* BaseViewModel.swift */; };
		6672841724E385FE0057FFA7 /* BaseGameModel.swift in Sources */ = {isa = PBXBuildFile; fileRef = 6672841624E385FE0057FFA7 /* BaseGameModel.swift */; };
		6672841924E3873B0057FFA7 /* AnchorGroup.swift in Sources */ = {isa = PBXBuildFile; fileRef = 6672841824E3873B0057FFA7 /* AnchorGroup.swift */; };
		6672841B24E389120057FFA7 /* AnchorModel.swift in Sources */ = {isa = PBXBuildFile; fileRef = 6672841A24E389120057FFA7 /* AnchorModel.swift */; };
		6672841D24E38DEB0057FFA7 /* NetworkTools.swift in Sources */ = {isa = PBXBuildFile; fileRef = 6672841C24E38DEB0057FFA7 /* NetworkTools.swift */; };
		66A5714E24DF9FCF00902F96 /* UIColor+Extension.swift in Sources */ = {isa = PBXBuildFile; fileRef = 66A5714D24DF9FCF00902F96 /* UIColor+Extension.swift */; };
		66A5715024DFA8DA00902F96 /* Common.swift in Sources */ = {isa = PBXBuildFile; fileRef = 66A5714F24DFA8DA00902F96 /* Common.swift */; };
		66A5715224DFD31E00902F96 /* PageContentView.swift in Sources */ = {isa = PBXBuildFile; fileRef = 66A5715124DFD31E00902F96 /* PageContentView.swift */; };
		66A5715424DFE8DD00902F96 /* RecommendViewController.swift in Sources */ = {isa = PBXBuildFile; fileRef = 66A5715324DFE8DD00902F96 /* RecommendViewController.swift */; };
		66A5715624DFE8F100902F96 /* GameViewController.swift in Sources */ = {isa = PBXBuildFile; fileRef = 66A5715524DFE8F100902F96 /* GameViewController.swift */; };
		66A5715824DFE90000902F96 /* AmuseViewController.swift in Sources */ = {isa = PBXBuildFile; fileRef = 66A5715724DFE90000902F96 /* AmuseViewController.swift */; };
		66A5715A24DFE91400902F96 /* FunnyViewController.swift in Sources */ = {isa = PBXBuildFile; fileRef = 66A5715924DFE91400902F96 /* FunnyViewController.swift */; };
		66CBB00124E4D34B007966AC /* CollectionBaseCell.swift in Sources */ = {isa = PBXBuildFile; fileRef = 66CBB00024E4D34B007966AC /* CollectionBaseCell.swift */; };
		66CBB00424E4D74A007966AC /* CollectionPrettyCell.swift in Sources */ = {isa = PBXBuildFile; fileRef = 66CBB00224E4D74A007966AC /* CollectionPrettyCell.swift */; };
		66CBB00524E4D74A007966AC /* CollectionPrettyCell.xib in Resources */ = {isa = PBXBuildFile; fileRef = 66CBB00324E4D74A007966AC /* CollectionPrettyCell.xib */; };
		66CBB00724E4D841007966AC /* CollectionNormalCell.swift in Sources */ = {isa = PBXBuildFile; fileRef = 66CBB00624E4D841007966AC /* CollectionNormalCell.swift */; };
		68340BFA24DF608300B8C9CD /* HomeViewController.swift in Sources */ = {isa = PBXBuildFile; fileRef = 68340BF924DF608300B8C9CD /* HomeViewController.swift */; };
		68340BFC24DF60B100B8C9CD /* LiveViewController.swift in Sources */ = {isa = PBXBuildFile; fileRef = 68340BFB24DF60B100B8C9CD /* LiveViewController.swift */; };
		68340BFE24DF60E700B8C9CD /* ProfileViewController.swift in Sources */ = {isa = PBXBuildFile; fileRef = 68340BFD24DF60E700B8C9CD /* ProfileViewController.swift */; };
		68340C0024DF610C00B8C9CD /* FollowViewController.swift in Sources */ = {isa = PBXBuildFile; fileRef = 68340BFF24DF610C00B8C9CD /* FollowViewController.swift */; };
		68340C0324DF6B2300B8C9CD /* UIBarButtonItem+Extension.swift in Sources */ = {isa = PBXBuildFile; fileRef = 68340C0224DF6B2300B8C9CD /* UIBarButtonItem+Extension.swift */; };
		68340C0524DF731C00B8C9CD /* PageTitleView.swift in Sources */ = {isa = PBXBuildFile; fileRef = 68340C0424DF731C00B8C9CD /* PageTitleView.swift */; };
		68C43C2924DCBAE9001733C4 /* AppDelegate.swift in Sources */ = {isa = PBXBuildFile; fileRef = 68C43C2824DCBAE9001733C4 /* AppDelegate.swift */; };
		68C43C2B24DCBAE9001733C4 /* SceneDelegate.swift in Sources */ = {isa = PBXBuildFile; fileRef = 68C43C2A24DCBAE9001733C4 /* SceneDelegate.swift */; };
		68C43C2D24DCBAE9001733C4 /* ViewController.swift in Sources */ = {isa = PBXBuildFile; fileRef = 68C43C2C24DCBAE9001733C4 /* ViewController.swift */; };
		68C43C3224DCBAEA001733C4 /* Assets.xcassets in Resources */ = {isa = PBXBuildFile; fileRef = 68C43C3124DCBAEA001733C4 /* Assets.xcassets */; };
		68C43C3524DCBAEA001733C4 /* LaunchScreen.storyboard in Resources */ = {isa = PBXBuildFile; fileRef = 68C43C3324DCBAEA001733C4 /* LaunchScreen.storyboard */; };
		68C43C4E24DEE176001733C4 /* MainViewController.swift in Sources */ = {isa = PBXBuildFile; fileRef = 68C43C4D24DEE176001733C4 /* MainViewController.swift */; };
		92D7AE696D3A11C836E384C4 /* Pods_DoYu.framework in Frameworks */ = {isa = PBXBuildFile; fileRef = 49A50C6DCC90DC1DEE7C44CB /* Pods_DoYu.framework */; };
/* End PBXBuildFile section */

/* Begin PBXFileReference section */
		0067A9C56BABB0CA0957081C /* Pods-DoYu.release.xcconfig */ = {isa = PBXFileReference; includeInIndex = 1; lastKnownFileType = text.xcconfig; name = "Pods-DoYu.release.xcconfig"; path = "Target Support Files/Pods-DoYu/Pods-DoYu.release.xcconfig"; sourceTree = "<group>"; };
		49A50C6DCC90DC1DEE7C44CB /* Pods_DoYu.framework */ = {isa = PBXFileReference; explicitFileType = wrapper.framework; includeInIndex = 0; path = Pods_DoYu.framework; sourceTree = BUILT_PRODUCTS_DIR; };
		6626C46E24E3E41900E7425F /* RoomShowViewController.swift */ = {isa = PBXFileReference; lastKnownFileType = sourcecode.swift; name = RoomShowViewController.swift; path = DoYu/Classes/RoomShowViewController.swift; sourceTree = SOURCE_ROOT; };
		6626C47024E3E42B00E7425F /* RoomNormalViewController.swift */ = {isa = PBXFileReference; lastKnownFileType = sourcecode.swift; name = RoomNormalViewController.swift; path = DoYu/Classes/RoomNormalViewController.swift; sourceTree = SOURCE_ROOT; };
		6626C47224E3E8B400E7425F /* RecommendViewModel.swift */ = {isa = PBXFileReference; lastKnownFileType = sourcecode.swift; name = RecommendViewModel.swift; path = DoYu/Classes/RecommendViewModel.swift; sourceTree = SOURCE_ROOT; };
		6626C47424E3E97A00E7425F /* CycleModel.swift */ = {isa = PBXFileReference; lastKnownFileType = sourcecode.swift; name = CycleModel.swift; path = DoYu/Classes/CycleModel.swift; sourceTree = SOURCE_ROOT; };
		6626C47624E3F14500E7425F /* Date+Extension.swift */ = {isa = PBXFileReference; lastKnownFileType = sourcecode.swift; path = "Date+Extension.swift"; sourceTree = "<group>"; };
		66282DA324E4DCBC00C8232C /* CollectionHeaderView.swift */ = {isa = PBXFileReference; lastKnownFileType = sourcecode.swift; name = CollectionHeaderView.swift; path = DoYu/Classes/Main/View/CollectionHeaderView.swift; sourceTree = SOURCE_ROOT; };
		66282DA524E5020300C8232C /* UILabel+Extension.swift */ = {isa = PBXFileReference; lastKnownFileType = sourcecode.swift; path = "UILabel+Extension.swift"; sourceTree = "<group>"; };
		66282DA724E5067D00C8232C /* UIButton+Extension.swift */ = {isa = PBXFileReference; lastKnownFileType = sourcecode.swift; path = "UIButton+Extension.swift"; sourceTree = "<group>"; };
		6672841024E37D4F0057FFA7 /* BaseViewController.swift */ = {isa = PBXFileReference; lastKnownFileType = sourcecode.swift; path = BaseViewController.swift; sourceTree = "<group>"; };
		6672841224E382250057FFA7 /* BaseAnchorViewController.swift */ = {isa = PBXFileReference; lastKnownFileType = sourcecode.swift; path = BaseAnchorViewController.swift; sourceTree = "<group>"; };
		6672841424E3850B0057FFA7 /* BaseViewModel.swift */ = {isa = PBXFileReference; lastKnownFileType = sourcecode.swift; name = BaseViewModel.swift; path = DoYu/Classes/Main/Controller/BaseViewModel.swift; sourceTree = SOURCE_ROOT; };
		6672841624E385FE0057FFA7 /* BaseGameModel.swift */ = {isa = PBXFileReference; lastKnownFileType = sourcecode.swift; name = BaseGameModel.swift; path = DoYu/Classes/Main/Controller/BaseGameModel.swift; sourceTree = SOURCE_ROOT; };
		6672841824E3873B0057FFA7 /* AnchorGroup.swift */ = {isa = PBXFileReference; lastKnownFileType = sourcecode.swift; name = AnchorGroup.swift; path = DoYu/Classes/Main/Controller/AnchorGroup.swift; sourceTree = SOURCE_ROOT; };
		6672841A24E389120057FFA7 /* AnchorModel.swift */ = {isa = PBXFileReference; lastKnownFileType = sourcecode.swift; name = AnchorModel.swift; path = DoYu/Classes/Main/Controller/AnchorModel.swift; sourceTree = SOURCE_ROOT; };
		6672841C24E38DEB0057FFA7 /* NetworkTools.swift */ = {isa = PBXFileReference; lastKnownFileType = sourcecode.swift; path = NetworkTools.swift; sourceTree = "<group>"; };
		66A5714D24DF9FCF00902F96 /* UIColor+Extension.swift */ = {isa = PBXFileReference; lastKnownFileType = sourcecode.swift; path = "UIColor+Extension.swift"; sourceTree = "<group>"; };
		66A5714F24DFA8DA00902F96 /* Common.swift */ = {isa = PBXFileReference; lastKnownFileType = sourcecode.swift; path = Common.swift; sourceTree = "<group>"; };
		66A5715124DFD31E00902F96 /* PageContentView.swift */ = {isa = PBXFileReference; lastKnownFileType = sourcecode.swift; path = PageContentView.swift; sourceTree = "<group>"; };
		66A5715324DFE8DD00902F96 /* RecommendViewController.swift */ = {isa = PBXFileReference; lastKnownFileType = sourcecode.swift; path = RecommendViewController.swift; sourceTree = "<group>"; };
		66A5715524DFE8F100902F96 /* GameViewController.swift */ = {isa = PBXFileReference; lastKnownFileType = sourcecode.swift; path = GameViewController.swift; sourceTree = "<group>"; };
		66A5715724DFE90000902F96 /* AmuseViewController.swift */ = {isa = PBXFileReference; lastKnownFileType = sourcecode.swift; path = AmuseViewController.swift; sourceTree = "<group>"; };
		66A5715924DFE91400902F96 /* FunnyViewController.swift */ = {isa = PBXFileReference; lastKnownFileType = sourcecode.swift; path = FunnyViewController.swift; sourceTree = "<group>"; };
		66CBB00024E4D34B007966AC /* CollectionBaseCell.swift */ = {isa = PBXFileReference; lastKnownFileType = sourcecode.swift; path = CollectionBaseCell.swift; sourceTree = "<group>"; };
		66CBB00224E4D74A007966AC /* CollectionPrettyCell.swift */ = {isa = PBXFileReference; lastKnownFileType = sourcecode.swift; path = CollectionPrettyCell.swift; sourceTree = "<group>"; };
		66CBB00324E4D74A007966AC /* CollectionPrettyCell.xib */ = {isa = PBXFileReference; lastKnownFileType = file.xib; path = CollectionPrettyCell.xib; sourceTree = "<group>"; };
		66CBB00624E4D841007966AC /* CollectionNormalCell.swift */ = {isa = PBXFileReference; lastKnownFileType = sourcecode.swift; path = CollectionNormalCell.swift; sourceTree = "<group>"; };
		68340BF924DF608300B8C9CD /* HomeViewController.swift */ = {isa = PBXFileReference; lastKnownFileType = sourcecode.swift; path = HomeViewController.swift; sourceTree = "<group>"; };
		68340BFB24DF60B100B8C9CD /* LiveViewController.swift */ = {isa = PBXFileReference; lastKnownFileType = sourcecode.swift; path = LiveViewController.swift; sourceTree = "<group>"; };
		68340BFD24DF60E700B8C9CD /* ProfileViewController.swift */ = {isa = PBXFileReference; lastKnownFileType = sourcecode.swift; path = ProfileViewController.swift; sourceTree = "<group>"; };
		68340BFF24DF610C00B8C9CD /* FollowViewController.swift */ = {isa = PBXFileReference; lastKnownFileType = sourcecode.swift; path = FollowViewController.swift; sourceTree = "<group>"; };
		68340C0224DF6B2300B8C9CD /* UIBarButtonItem+Extension.swift */ = {isa = PBXFileReference; lastKnownFileType = sourcecode.swift; path = "UIBarButtonItem+Extension.swift"; sourceTree = "<group>"; };
		68340C0424DF731C00B8C9CD /* PageTitleView.swift */ = {isa = PBXFileReference; lastKnownFileType = sourcecode.swift; path = PageTitleView.swift; sourceTree = "<group>"; };
		68C43C2524DCBAE9001733C4 /* DoYu.app */ = {isa = PBXFileReference; explicitFileType = wrapper.application; includeInIndex = 0; path = DoYu.app; sourceTree = BUILT_PRODUCTS_DIR; };
		68C43C2824DCBAE9001733C4 /* AppDelegate.swift */ = {isa = PBXFileReference; lastKnownFileType = sourcecode.swift; path = AppDelegate.swift; sourceTree = "<group>"; };
		68C43C2A24DCBAE9001733C4 /* SceneDelegate.swift */ = {isa = PBXFileReference; lastKnownFileType = sourcecode.swift; path = SceneDelegate.swift; sourceTree = "<group>"; };
		68C43C2C24DCBAE9001733C4 /* ViewController.swift */ = {isa = PBXFileReference; lastKnownFileType = sourcecode.swift; path = ViewController.swift; sourceTree = "<group>"; };
		68C43C3124DCBAEA001733C4 /* Assets.xcassets */ = {isa = PBXFileReference; lastKnownFileType = folder.assetcatalog; path = Assets.xcassets; sourceTree = "<group>"; };
		68C43C3424DCBAEA001733C4 /* Base */ = {isa = PBXFileReference; lastKnownFileType = file.storyboard; name = Base; path = Base.lproj/LaunchScreen.storyboard; sourceTree = "<group>"; };
		68C43C3624DCBAEA001733C4 /* Info.plist */ = {isa = PBXFileReference; lastKnownFileType = text.plist.xml; path = Info.plist; sourceTree = "<group>"; };
		68C43C4D24DEE176001733C4 /* MainViewController.swift */ = {isa = PBXFileReference; lastKnownFileType = sourcecode.swift; path = MainViewController.swift; sourceTree = "<group>"; };
		E124C9070830FA230A730DA6 /* Pods-DoYu.debug.xcconfig */ = {isa = PBXFileReference; includeInIndex = 1; lastKnownFileType = text.xcconfig; name = "Pods-DoYu.debug.xcconfig"; path = "Target Support Files/Pods-DoYu/Pods-DoYu.debug.xcconfig"; sourceTree = "<group>"; };
/* End PBXFileReference section */

/* Begin PBXFrameworksBuildPhase section */
		68C43C2224DCBAE9001733C4 /* Frameworks */ = {
			isa = PBXFrameworksBuildPhase;
			buildActionMask = 2147483647;
			files = (
				92D7AE696D3A11C836E384C4 /* Pods_DoYu.framework in Frameworks */,
			);
			runOnlyForDeploymentPostprocessing = 0;
		};
/* End PBXFrameworksBuildPhase section */

/* Begin PBXGroup section */
		243C3DBF44DB19EE8FF8A73F /* Pods */ = {
			isa = PBXGroup;
			children = (
				E124C9070830FA230A730DA6 /* Pods-DoYu.debug.xcconfig */,
				0067A9C56BABB0CA0957081C /* Pods-DoYu.release.xcconfig */,
			);
			path = Pods;
			sourceTree = "<group>";
		};
		6626C46C24E3E34D00E7425F /* Model */ = {
			isa = PBXGroup;
			children = (
			);
			path = Model;
			sourceTree = "<group>";
		};
		6626C46D24E3E36000E7425F /* View */ = {
			isa = PBXGroup;
			children = (
			);
			path = View;
			sourceTree = "<group>";
		};
		68340C0124DF6AEE00B8C9CD /* Extension */ = {
			isa = PBXGroup;
			children = (
				68340C0224DF6B2300B8C9CD /* UIBarButtonItem+Extension.swift */,
				66A5714D24DF9FCF00902F96 /* UIColor+Extension.swift */,
				6626C47624E3F14500E7425F /* Date+Extension.swift */,
				66282DA524E5020300C8232C /* UILabel+Extension.swift */,
				66282DA724E5067D00C8232C /* UIButton+Extension.swift */,
			);
			path = Extension;
			sourceTree = "<group>";
		};
		68C43C1C24DCBAE9001733C4 = {
			isa = PBXGroup;
			children = (
				68C43C2724DCBAE9001733C4 /* DoYu */,
				68C43C2624DCBAE9001733C4 /* Products */,
				243C3DBF44DB19EE8FF8A73F /* Pods */,
				AB310991D92FFE2332327507 /* Frameworks */,
			);
			sourceTree = "<group>";
		};
		68C43C2624DCBAE9001733C4 /* Products */ = {
			isa = PBXGroup;
			children = (
				68C43C2524DCBAE9001733C4 /* DoYu.app */,
			);
			name = Products;
			sourceTree = "<group>";
		};
		68C43C2724DCBAE9001733C4 /* DoYu */ = {
			isa = PBXGroup;
			children = (
				68C43C3C24DCBE3A001733C4 /* Classes */,
				68C43C2824DCBAE9001733C4 /* AppDelegate.swift */,
				68C43C2A24DCBAE9001733C4 /* SceneDelegate.swift */,
				68C43C2C24DCBAE9001733C4 /* ViewController.swift */,
				68C43C3124DCBAEA001733C4 /* Assets.xcassets */,
				68C43C3324DCBAEA001733C4 /* LaunchScreen.storyboard */,
				68C43C3624DCBAEA001733C4 /* Info.plist */,
			);
			path = DoYu;
			sourceTree = "<group>";
		};
		68C43C3C24DCBE3A001733C4 /* Classes */ = {
			isa = PBXGroup;
			children = (
				68C43C4C24DCBEF9001733C4 /* Live */,
				68C43C4B24DCBEED001733C4 /* Profile */,
				68C43C4A24DCBEE2001733C4 /* Follow */,
				68C43C3D24DCBE3A001733C4 /* Home */,
				68C43C4224DCBE3A001733C4 /* Tools */,
				68C43C4324DCBE3A001733C4 /* Room */,
				68C43C4524DCBE3A001733C4 /* Main */,
			);
			path = Classes;
			sourceTree = "<group>";
		};
		68C43C3D24DCBE3A001733C4 /* Home */ = {
			isa = PBXGroup;
			children = (
				68C43C3E24DCBE3A001733C4 /* ViewModel */,
				68C43C3F24DCBE3A001733C4 /* Controller */,
				68C43C4024DCBE3A001733C4 /* Model */,
				68C43C4124DCBE3A001733C4 /* View */,
			);
			path = Home;
			sourceTree = "<group>";
		};
		68C43C3E24DCBE3A001733C4 /* ViewModel */ = {
			isa = PBXGroup;
			children = (
				6626C47224E3E8B400E7425F /* RecommendViewModel.swift */,
			);
			path = ViewModel;
			sourceTree = "<group>";
		};
		68C43C3F24DCBE3A001733C4 /* Controller */ = {
			isa = PBXGroup;
			children = (
				68340BF924DF608300B8C9CD /* HomeViewController.swift */,
				66A5715324DFE8DD00902F96 /* RecommendViewController.swift */,
				66A5715524DFE8F100902F96 /* GameViewController.swift */,
				66A5715724DFE90000902F96 /* AmuseViewController.swift */,
				66A5715924DFE91400902F96 /* FunnyViewController.swift */,
			);
			path = Controller;
			sourceTree = "<group>";
		};
		68C43C4024DCBE3A001733C4 /* Model */ = {
			isa = PBXGroup;
			children = (
				6626C47424E3E97A00E7425F /* CycleModel.swift */,
			);
			path = Model;
			sourceTree = "<group>";
		};
		68C43C4124DCBE3A001733C4 /* View */ = {
			isa = PBXGroup;
			children = (
				66282DA324E4DCBC00C8232C /* CollectionHeaderView.swift */,
			);
			path = View;
			sourceTree = "<group>";
		};
		68C43C4224DCBE3A001733C4 /* Tools */ = {
			isa = PBXGroup;
			children = (
				68340C0124DF6AEE00B8C9CD /* Extension */,
				66A5714F24DFA8DA00902F96 /* Common.swift */,
				6672841C24E38DEB0057FFA7 /* NetworkTools.swift */,
			);
			path = Tools;
			sourceTree = "<group>";
		};
		68C43C4324DCBE3A001733C4 /* Room */ = {
			isa = PBXGroup;
			children = (
				6626C46C24E3E34D00E7425F /* Model */,
				6626C46D24E3E36000E7425F /* View */,
				68C43C4424DCBE3A001733C4 /* Controller */,
			);
			path = Room;
			sourceTree = "<group>";
		};
		68C43C4424DCBE3A001733C4 /* Controller */ = {
			isa = PBXGroup;
			children = (
				6626C46E24E3E41900E7425F /* RoomShowViewController.swift */,
				6626C47024E3E42B00E7425F /* RoomNormalViewController.swift */,
			);
			path = Controller;
			sourceTree = "<group>";
		};
		68C43C4524DCBE3A001733C4 /* Main */ = {
			isa = PBXGroup;
			children = (
				68C43C4624DCBE3A001733C4 /* ViewModel */,
				68C43C4724DCBE3A001733C4 /* Controller */,
				68C43C4824DCBE3A001733C4 /* Model */,
				68C43C4924DCBE3A001733C4 /* View */,
			);
			path = Main;
			sourceTree = "<group>";
		};
		68C43C4624DCBE3A001733C4 /* ViewModel */ = {
			isa = PBXGroup;
			children = (
				6672841424E3850B0057FFA7 /* BaseViewModel.swift */,
			);
			path = ViewModel;
			sourceTree = "<group>";
		};
		68C43C4724DCBE3A001733C4 /* Controller */ = {
			isa = PBXGroup;
			children = (
				68C43C4D24DEE176001733C4 /* MainViewController.swift */,
				6672841024E37D4F0057FFA7 /* BaseViewController.swift */,
				6672841224E382250057FFA7 /* BaseAnchorViewController.swift */,
			);
			path = Controller;
			sourceTree = "<group>";
		};
		68C43C4824DCBE3A001733C4 /* Model */ = {
			isa = PBXGroup;
			children = (
				6672841624E385FE0057FFA7 /* BaseGameModel.swift */,
				6672841824E3873B0057FFA7 /* AnchorGroup.swift */,
				6672841A24E389120057FFA7 /* AnchorModel.swift */,
			);
			path = Model;
			sourceTree = "<group>";
		};
		68C43C4924DCBE3A001733C4 /* View */ = {
			isa = PBXGroup;
			children = (
				68340C0424DF731C00B8C9CD /* PageTitleView.swift */,
				66A5715124DFD31E00902F96 /* PageContentView.swift */,
				66CBB00024E4D34B007966AC /* CollectionBaseCell.swift */,
				66CBB00224E4D74A007966AC /* CollectionPrettyCell.swift */,
				66CBB00324E4D74A007966AC /* CollectionPrettyCell.xib */,
				66CBB00624E4D841007966AC /* CollectionNormalCell.swift */,
			);
			path = View;
			sourceTree = "<group>";
		};
		68C43C4A24DCBEE2001733C4 /* Follow */ = {
			isa = PBXGroup;
			children = (
				68340BFF24DF610C00B8C9CD /* FollowViewController.swift */,
			);
			path = Follow;
			sourceTree = "<group>";
		};
		68C43C4B24DCBEED001733C4 /* Profile */ = {
			isa = PBXGroup;
			children = (
				68340BFD24DF60E700B8C9CD /* ProfileViewController.swift */,
			);
			path = Profile;
			sourceTree = "<group>";
		};
		68C43C4C24DCBEF9001733C4 /* Live */ = {
			isa = PBXGroup;
			children = (
				68340BFB24DF60B100B8C9CD /* LiveViewController.swift */,
			);
			path = Live;
			sourceTree = "<group>";
		};
		AB310991D92FFE2332327507 /* Frameworks */ = {
			isa = PBXGroup;
			children = (
				49A50C6DCC90DC1DEE7C44CB /* Pods_DoYu.framework */,
			);
			name = Frameworks;
			sourceTree = "<group>";
		};
/* End PBXGroup section */

/* Begin PBXNativeTarget section */
		68C43C2424DCBAE9001733C4 /* DoYu */ = {
			isa = PBXNativeTarget;
			buildConfigurationList = 68C43C3924DCBAEA001733C4 /* Build configuration list for PBXNativeTarget "DoYu" */;
			buildPhases = (
				B4972371C4AEDF97733FB262 /* [CP] Check Pods Manifest.lock */,
				68C43C2124DCBAE9001733C4 /* Sources */,
				68C43C2224DCBAE9001733C4 /* Frameworks */,
				68C43C2324DCBAE9001733C4 /* Resources */,
				C858B13255766012F49D89EF /* [CP] Embed Pods Frameworks */,
			);
			buildRules = (
			);
			dependencies = (
			);
			name = DoYu;
			productName = DoYu;
			productReference = 68C43C2524DCBAE9001733C4 /* DoYu.app */;
			productType = "com.apple.product-type.application";
		};
/* End PBXNativeTarget section */

/* Begin PBXProject section */
		68C43C1D24DCBAE9001733C4 /* Project object */ = {
			isa = PBXProject;
			attributes = {
				LastSwiftUpdateCheck = 1160;
				LastUpgradeCheck = 1160;
				ORGANIZATIONNAME = bughh;
				TargetAttributes = {
					68C43C2424DCBAE9001733C4 = {
						CreatedOnToolsVersion = 11.6;
					};
				};
			};
			buildConfigurationList = 68C43C2024DCBAE9001733C4 /* Build configuration list for PBXProject "DoYu" */;
			compatibilityVersion = "Xcode 9.3";
			developmentRegion = en;
			hasScannedForEncodings = 0;
			knownRegions = (
				en,
				Base,
			);
			mainGroup = 68C43C1C24DCBAE9001733C4;
			productRefGroup = 68C43C2624DCBAE9001733C4 /* Products */;
			projectDirPath = "";
			projectRoot = "";
			targets = (
				68C43C2424DCBAE9001733C4 /* DoYu */,
			);
		};
/* End PBXProject section */

/* Begin PBXResourcesBuildPhase section */
		68C43C2324DCBAE9001733C4 /* Resources */ = {
			isa = PBXResourcesBuildPhase;
			buildActionMask = 2147483647;
			files = (
				68C43C3524DCBAEA001733C4 /* LaunchScreen.storyboard in Resources */,
				66CBB00524E4D74A007966AC /* CollectionPrettyCell.xib in Resources */,
				68C43C3224DCBAEA001733C4 /* Assets.xcassets in Resources */,
			);
			runOnlyForDeploymentPostprocessing = 0;
		};
/* End PBXResourcesBuildPhase section */

/* Begin PBXShellScriptBuildPhase section */
		B4972371C4AEDF97733FB262 /* [CP] Check Pods Manifest.lock */ = {
			isa = PBXShellScriptBuildPhase;
			buildActionMask = 2147483647;
			files = (
			);
			inputFileListPaths = (
			);
			inputPaths = (
				"${PODS_PODFILE_DIR_PATH}/Podfile.lock",
				"${PODS_ROOT}/Manifest.lock",
			);
			name = "[CP] Check Pods Manifest.lock";
			outputFileListPaths = (
			);
			outputPaths = (
				"$(DERIVED_FILE_DIR)/Pods-DoYu-checkManifestLockResult.txt",
			);
			runOnlyForDeploymentPostprocessing = 0;
			shellPath = /bin/sh;
			shellScript = "diff \"${PODS_PODFILE_DIR_PATH}/Podfile.lock\" \"${PODS_ROOT}/Manifest.lock\" > /dev/null\nif [ $? != 0 ] ; then\n    # print error to STDERR\n    echo \"error: The sandbox is not in sync with the Podfile.lock. Run 'pod install' or update your CocoaPods installation.\" >&2\n    exit 1\nfi\n# This output is used by Xcode 'outputs' to avoid re-running this script phase.\necho \"SUCCESS\" > \"${SCRIPT_OUTPUT_FILE_0}\"\n";
			showEnvVarsInLog = 0;
		};
		C858B13255766012F49D89EF /* [CP] Embed Pods Frameworks */ = {
			isa = PBXShellScriptBuildPhase;
			buildActionMask = 2147483647;
			files = (
			);
			inputFileListPaths = (
				"${PODS_ROOT}/Target Support Files/Pods-DoYu/Pods-DoYu-frameworks-${CONFIGURATION}-input-files.xcfilelist",
			);
			name = "[CP] Embed Pods Frameworks";
			outputFileListPaths = (
				"${PODS_ROOT}/Target Support Files/Pods-DoYu/Pods-DoYu-frameworks-${CONFIGURATION}-output-files.xcfilelist",
			);
			runOnlyForDeploymentPostprocessing = 0;
			shellPath = /bin/sh;
			shellScript = "\"${PODS_ROOT}/Target Support Files/Pods-DoYu/Pods-DoYu-frameworks.sh\"\n";
			showEnvVarsInLog = 0;
		};
/* End PBXShellScriptBuildPhase section */

/* Begin PBXSourcesBuildPhase section */
		68C43C2124DCBAE9001733C4 /* Sources */ = {
			isa = PBXSourcesBuildPhase;
			buildActionMask = 2147483647;
			files = (
				66282DA624E5020300C8232C /* UILabel+Extension.swift in Sources */,
				66CBB00124E4D34B007966AC /* CollectionBaseCell.swift in Sources */,
				68340BFA24DF608300B8C9CD /* HomeViewController.swift in Sources */,
				6626C46F24E3E41900E7425F /* RoomShowViewController.swift in Sources */,
				6672841524E3850B0057FFA7 /* BaseViewModel.swift in Sources */,
				68C43C2D24DCBAE9001733C4 /* ViewController.swift in Sources */,
				68340C0524DF731C00B8C9CD /* PageTitleView.swift in Sources */,
				66A5714E24DF9FCF00902F96 /* UIColor+Extension.swift in Sources */,
				66A5715024DFA8DA00902F96 /* Common.swift in Sources */,
				6672841324E382250057FFA7 /* BaseAnchorViewController.swift in Sources */,
				6626C47124E3E42B00E7425F /* RoomNormalViewController.swift in Sources */,
				66CBB00724E4D841007966AC /* CollectionNormalCell.swift in Sources */,
				6672841124E37D4F0057FFA7 /* BaseViewController.swift in Sources */,
				66282DA824E5067D00C8232C /* UIButton+Extension.swift in Sources */,
				66282DA424E4DCBC00C8232C /* CollectionHeaderView.swift in Sources */,
				6672841D24E38DEB0057FFA7 /* NetworkTools.swift in Sources */,
				6672841924E3873B0057FFA7 /* AnchorGroup.swift in Sources */,
				68C43C2924DCBAE9001733C4 /* AppDelegate.swift in Sources */,
				68C43C2B24DCBAE9001733C4 /* SceneDelegate.swift in Sources */,
				68340BFE24DF60E700B8C9CD /* ProfileViewController.swift in Sources */,
				68340BFC24DF60B100B8C9CD /* LiveViewController.swift in Sources */,
				6626C47724E3F14500E7425F /* Date+Extension.swift in Sources */,
				6626C47324E3E8B400E7425F /* RecommendViewModel.swift in Sources */,
				66A5715424DFE8DD00902F96 /* RecommendViewController.swift in Sources */,
				66A5715624DFE8F100902F96 /* GameViewController.swift in Sources */,
				66A5715A24DFE91400902F96 /* FunnyViewController.swift in Sources */,
				6626C47524E3E97A00E7425F /* CycleModel.swift in Sources */,
				68C43C4E24DEE176001733C4 /* MainViewController.swift in Sources */,
				66A5715224DFD31E00902F96 /* PageContentView.swift in Sources */,
				68340C0324DF6B2300B8C9CD /* UIBarButtonItem+Extension.swift in Sources */,
				6672841B24E389120057FFA7 /* AnchorModel.swift in Sources */,
				6672841724E385FE0057FFA7 /* BaseGameModel.swift in Sources */,
				66A5715824DFE90000902F96 /* AmuseViewController.swift in Sources */,
				66CBB00424E4D74A007966AC /* CollectionPrettyCell.swift in Sources */,
				68340C0024DF610C00B8C9CD /* FollowViewController.swift in Sources */,
			);
			runOnlyForDeploymentPostprocessing = 0;
		};
/* End PBXSourcesBuildPhase section */

/* Begin PBXVariantGroup section */
		68C43C3324DCBAEA001733C4 /* LaunchScreen.storyboard */ = {
			isa = PBXVariantGroup;
			children = (
				68C43C3424DCBAEA001733C4 /* Base */,
			);
			name = LaunchScreen.storyboard;
			sourceTree = "<group>";
		};
/* End PBXVariantGroup section */

/* Begin XCBuildConfiguration section */
		68C43C3724DCBAEA001733C4 /* Debug */ = {
			isa = XCBuildConfiguration;
			buildSettings = {
				ALWAYS_SEARCH_USER_PATHS = NO;
				CLANG_ANALYZER_NONNULL = YES;
				CLANG_ANALYZER_NUMBER_OBJECT_CONVERSION = YES_AGGRESSIVE;
				CLANG_CXX_LANGUAGE_STANDARD = "gnu++14";
				CLANG_CXX_LIBRARY = "libc++";
				CLANG_ENABLE_MODULES = YES;
				CLANG_ENABLE_OBJC_ARC = YES;
				CLANG_ENABLE_OBJC_WEAK = YES;
				CLANG_WARN_BLOCK_CAPTURE_AUTORELEASING = YES;
				CLANG_WARN_BOOL_CONVERSION = YES;
				CLANG_WARN_COMMA = YES;
				CLANG_WARN_CONSTANT_CONVERSION = YES;
				CLANG_WARN_DEPRECATED_OBJC_IMPLEMENTATIONS = YES;
				CLANG_WARN_DIRECT_OBJC_ISA_USAGE = YES_ERROR;
				CLANG_WARN_DOCUMENTATION_COMMENTS = YES;
				CLANG_WARN_EMPTY_BODY = YES;
				CLANG_WARN_ENUM_CONVERSION = YES;
				CLANG_WARN_INFINITE_RECURSION = YES;
				CLANG_WARN_INT_CONVERSION = YES;
				CLANG_WARN_NON_LITERAL_NULL_CONVERSION = YES;
				CLANG_WARN_OBJC_IMPLICIT_RETAIN_SELF = YES;
				CLANG_WARN_OBJC_LITERAL_CONVERSION = YES;
				CLANG_WARN_OBJC_ROOT_CLASS = YES_ERROR;
				CLANG_WARN_RANGE_LOOP_ANALYSIS = YES;
				CLANG_WARN_STRICT_PROTOTYPES = YES;
				CLANG_WARN_SUSPICIOUS_MOVE = YES;
				CLANG_WARN_UNGUARDED_AVAILABILITY = YES_AGGRESSIVE;
				CLANG_WARN_UNREACHABLE_CODE = YES;
				CLANG_WARN__DUPLICATE_METHOD_MATCH = YES;
				COPY_PHASE_STRIP = NO;
				DEBUG_INFORMATION_FORMAT = dwarf;
				ENABLE_STRICT_OBJC_MSGSEND = YES;
				ENABLE_TESTABILITY = YES;
				GCC_C_LANGUAGE_STANDARD = gnu11;
				GCC_DYNAMIC_NO_PIC = NO;
				GCC_NO_COMMON_BLOCKS = YES;
				GCC_OPTIMIZATION_LEVEL = 0;
				GCC_PREPROCESSOR_DEFINITIONS = (
					"DEBUG=1",
					"$(inherited)",
				);
				GCC_WARN_64_TO_32_BIT_CONVERSION = YES;
				GCC_WARN_ABOUT_RETURN_TYPE = YES_ERROR;
				GCC_WARN_UNDECLARED_SELECTOR = YES;
				GCC_WARN_UNINITIALIZED_AUTOS = YES_AGGRESSIVE;
				GCC_WARN_UNUSED_FUNCTION = YES;
				GCC_WARN_UNUSED_VARIABLE = YES;
				IPHONEOS_DEPLOYMENT_TARGET = 13.6;
				MTL_ENABLE_DEBUG_INFO = INCLUDE_SOURCE;
				MTL_FAST_MATH = YES;
				ONLY_ACTIVE_ARCH = YES;
				SDKROOT = iphoneos;
				SWIFT_ACTIVE_COMPILATION_CONDITIONS = DEBUG;
				SWIFT_OPTIMIZATION_LEVEL = "-Onone";
			};
			name = Debug;
		};
		68C43C3824DCBAEA001733C4 /* Release */ = {
			isa = XCBuildConfiguration;
			buildSettings = {
				ALWAYS_SEARCH_USER_PATHS = NO;
				CLANG_ANALYZER_NONNULL = YES;
				CLANG_ANALYZER_NUMBER_OBJECT_CONVERSION = YES_AGGRESSIVE;
				CLANG_CXX_LANGUAGE_STANDARD = "gnu++14";
				CLANG_CXX_LIBRARY = "libc++";
				CLANG_ENABLE_MODULES = YES;
				CLANG_ENABLE_OBJC_ARC = YES;
				CLANG_ENABLE_OBJC_WEAK = YES;
				CLANG_WARN_BLOCK_CAPTURE_AUTORELEASING = YES;
				CLANG_WARN_BOOL_CONVERSION = YES;
				CLANG_WARN_COMMA = YES;
				CLANG_WARN_CONSTANT_CONVERSION = YES;
				CLANG_WARN_DEPRECATED_OBJC_IMPLEMENTATIONS = YES;
				CLANG_WARN_DIRECT_OBJC_ISA_USAGE = YES_ERROR;
				CLANG_WARN_DOCUMENTATION_COMMENTS = YES;
				CLANG_WARN_EMPTY_BODY = YES;
				CLANG_WARN_ENUM_CONVERSION = YES;
				CLANG_WARN_INFINITE_RECURSION = YES;
				CLANG_WARN_INT_CONVERSION = YES;
				CLANG_WARN_NON_LITERAL_NULL_CONVERSION = YES;
				CLANG_WARN_OBJC_IMPLICIT_RETAIN_SELF = YES;
				CLANG_WARN_OBJC_LITERAL_CONVERSION = YES;
				CLANG_WARN_OBJC_ROOT_CLASS = YES_ERROR;
				CLANG_WARN_RANGE_LOOP_ANALYSIS = YES;
				CLANG_WARN_STRICT_PROTOTYPES = YES;
				CLANG_WARN_SUSPICIOUS_MOVE = YES;
				CLANG_WARN_UNGUARDED_AVAILABILITY = YES_AGGRESSIVE;
				CLANG_WARN_UNREACHABLE_CODE = YES;
				CLANG_WARN__DUPLICATE_METHOD_MATCH = YES;
				COPY_PHASE_STRIP = NO;
				DEBUG_INFORMATION_FORMAT = "dwarf-with-dsym";
				ENABLE_NS_ASSERTIONS = NO;
				ENABLE_STRICT_OBJC_MSGSEND = YES;
				GCC_C_LANGUAGE_STANDARD = gnu11;
				GCC_NO_COMMON_BLOCKS = YES;
				GCC_WARN_64_TO_32_BIT_CONVERSION = YES;
				GCC_WARN_ABOUT_RETURN_TYPE = YES_ERROR;
				GCC_WARN_UNDECLARED_SELECTOR = YES;
				GCC_WARN_UNINITIALIZED_AUTOS = YES_AGGRESSIVE;
				GCC_WARN_UNUSED_FUNCTION = YES;
				GCC_WARN_UNUSED_VARIABLE = YES;
				IPHONEOS_DEPLOYMENT_TARGET = 13.6;
				MTL_ENABLE_DEBUG_INFO = NO;
				MTL_FAST_MATH = YES;
				SDKROOT = iphoneos;
				SWIFT_COMPILATION_MODE = wholemodule;
				SWIFT_OPTIMIZATION_LEVEL = "-O";
				VALIDATE_PRODUCT = YES;
			};
			name = Release;
		};
		68C43C3A24DCBAEA001733C4 /* Debug */ = {
			isa = XCBuildConfiguration;
			baseConfigurationReference = E124C9070830FA230A730DA6 /* Pods-DoYu.debug.xcconfig */;
			buildSettings = {
				ASSETCATALOG_COMPILER_APPICON_NAME = AppIcon;
				CODE_SIGN_STYLE = Automatic;
				DEVELOPMENT_TEAM = RPWU6J2YZ5;
				INFOPLIST_FILE = DoYu/Info.plist;
				IPHONEOS_DEPLOYMENT_TARGET = 11.0;
				LD_RUNPATH_SEARCH_PATHS = (
					"$(inherited)",
					"@executable_path/Frameworks",
				);
				PRODUCT_BUNDLE_IDENTIFIER = com.bughh.DoYu;
				PRODUCT_NAME = "$(TARGET_NAME)";
				SWIFT_VERSION = 5.0;
				TARGETED_DEVICE_FAMILY = 1;
			};
			name = Debug;
		};
		68C43C3B24DCBAEA001733C4 /* Release */ = {
			isa = XCBuildConfiguration;
			baseConfigurationReference = 0067A9C56BABB0CA0957081C /* Pods-DoYu.release.xcconfig */;
			buildSettings = {
				ASSETCATALOG_COMPILER_APPICON_NAME = AppIcon;
				CODE_SIGN_STYLE = Automatic;
				DEVELOPMENT_TEAM = RPWU6J2YZ5;
				INFOPLIST_FILE = DoYu/Info.plist;
				IPHONEOS_DEPLOYMENT_TARGET = 11.0;
				LD_RUNPATH_SEARCH_PATHS = (
					"$(inherited)",
					"@executable_path/Frameworks",
				);
				PRODUCT_BUNDLE_IDENTIFIER = com.bughh.DoYu;
				PRODUCT_NAME = "$(TARGET_NAME)";
				SWIFT_VERSION = 5.0;
				TARGETED_DEVICE_FAMILY = 1;
			};
			name = Release;
		};
/* End XCBuildConfiguration section */

/* Begin XCConfigurationList section */
		68C43C2024DCBAE9001733C4 /* Build configuration list for PBXProject "DoYu" */ = {
			isa = XCConfigurationList;
			buildConfigurations = (
				68C43C3724DCBAEA001733C4 /* Debug */,
				68C43C3824DCBAEA001733C4 /* Release */,
			);
			defaultConfigurationIsVisible = 0;
			defaultConfigurationName = Release;
		};
		68C43C3924DCBAEA001733C4 /* Build configuration list for PBXNativeTarget "DoYu" */ = {
			isa = XCConfigurationList;
			buildConfigurations = (
				68C43C3A24DCBAEA001733C4 /* Debug */,
				68C43C3B24DCBAEA001733C4 /* Release */,
			);
			defaultConfigurationIsVisible = 0;
			defaultConfigurationName = Release;
		};
/* End XCConfigurationList section */
	};
	rootObject = 68C43C1D24DCBAE9001733C4 /* Project object */;
}
